<?xml version="1.0" encoding="utf-8"?>
<Project ToolsVersion="4.0" xmlns="http://schemas.microsoft.com/developer/msbuild/2003">
  <ItemGroup>
    <Filter Include="Shaders">
      <UniqueIdentifier>{a6bbd9e5-a1de-444f-a9ae-57ef3828c4a2}</UniqueIdentifier>
    </Filter>
    <Filter Include="Core">
      <UniqueIdentifier>{4d6bfd94-d6dd-4253-9063-b8ac3d49d56b}</UniqueIdentifier>
    </Filter>
    <Filter Include="Managers">
      <UniqueIdentifier>{a5de0097-66e3-4e95-848a-ce5925de36cf}</UniqueIdentifier>
    </Filter>
    <Filter Include="Core\Init">
      <UniqueIdentifier>{66443a31-2717-4a90-8708-dc1d8fd47a06}</UniqueIdentifier>
    </Filter>
    <Filter Include="Rendering">
      <UniqueIdentifier>{54ea252f-0f82-4637-bc2b-c724a33bab7e}</UniqueIdentifier>
    </Filter>
    <Filter Include="Rendering\Textures">
      <UniqueIdentifier>{675cbf40-ae92-4451-809b-16a3d390db2a}</UniqueIdentifier>
    </Filter>
    <Filter Include="Rendering\Models - Primitives">
      <UniqueIdentifier>{a2595088-43bc-4ed2-8005-44b5cbee7ef6}</UniqueIdentifier>
    </Filter>
  </ItemGroup>
  <ItemGroup>
    <ClCompile Include="Managers\ShaderManager.cpp">
      <Filter>Managers</Filter>
    </ClCompile>
    <ClCompile Include="Core\Init\GLEW.cpp">
      <Filter>Core\Init</Filter>
    </ClCompile>
    <ClCompile Include="Core\Init\GLUT.cpp">
      <Filter>Core\Init</Filter>
    </ClCompile>
    <ClCompile Include="Managers\SceneManager.cpp">
      <Filter>Managers</Filter>
    </ClCompile>
    <ClCompile Include="Rendering\Models\Model.cpp">
      <Filter>Rendering\Models - Primitives</Filter>
    </ClCompile>
    <ClCompile Include="Rendering\Models\Triangle.cpp">
      <Filter>Rendering\Models - Primitives</Filter>
    </ClCompile>
    <ClCompile Include="Managers\ModelsManager.cpp">
      <Filter>Managers</Filter>
    </ClCompile>
    <ClCompile Include="Rendering\Models\Quad.cpp">
      <Filter>Rendering\Models - Primitives</Filter>
    </ClCompile>
    <ClCompile Include="Rendering\Texture\TextureLoader.cpp">
      <Filter>Rendering\Textures</Filter>
    </ClCompile>
    <ClCompile Include="Core\Engine.cpp">
      <Filter>Core</Filter>
    </ClCompile>
    <ClCompile Include="Core\Camera.cpp">
      <Filter>Core</Filter>
    </ClCompile>
    <ClCompile Include="..\c2_4_DrawCubeTextureAdvanced\CubeTexturedAdvanced.cpp">
      <Filter>Rendering\Models - Primitives</Filter>
    </ClCompile>
  </ItemGroup>
  <ItemGroup>
    <ClInclude Include="Managers\ShaderManager.h">
      <Filter>Managers</Filter>
    </ClInclude>
    <ClInclude Include="Core\Init\WindowInfo.h">
      <Filter>Core\Init</Filter>
    </ClInclude>
    <ClInclude Include="Core\Init\ContextInfo.h">
      <Filter>Core\Init</Filter>
    </ClInclude>
    <ClInclude Include="Core\Init\FrameBufferInfo.h">
      <Filter>Core\Init</Filter>
    </ClInclude>
    <ClInclude Include="Core\Init\GLEW.h">
      <Filter>Core\Init</Filter>
    </ClInclude>
    <ClInclude Include="Core\Init\GLUT.h">
      <Filter>Core\Init</Filter>
    </ClInclude>
    <ClInclude Include="Core\Init\IListener.h">
      <Filter>Core\Init</Filter>
    </ClInclude>
    <ClInclude Include="Managers\SceneManager.h">
      <Filter>Managers</Filter>
    </ClInclude>
    <ClInclude Include="Rendering\IGameObject.h">
      <Filter>Rendering</Filter>
    </ClInclude>
    <ClInclude Include="Rendering\Models\Model.h">
      <Filter>Rendering\Models - Primitives</Filter>
    </ClInclude>
    <ClInclude Include="Rendering\Models\Triangle.h">
      <Filter>Rendering\Models - Primitives</Filter>
    </ClInclude>
    <ClInclude Include="Managers\ModelsManager.h">
      <Filter>Managers</Filter>
    </ClInclude>
    <ClInclude Include="Core\Init\DebugOutput.h">
      <Filter>Core\Init</Filter>
    </ClInclude>
    <ClInclude Include="Rendering\Models\Quad.h">
      <Filter>Rendering\Models - Primitives</Filter>
    </ClInclude>
    <ClInclude Include="Rendering\Texture\BMPHeaders.h">
      <Filter>Rendering\Textures</Filter>
    </ClInclude>
    <ClInclude Include="Rendering\VertexFormat.h">
      <Filter>Rendering</Filter>
    </ClInclude>
    <ClInclude Include="Core\Camera.h">
      <Filter>Core</Filter>
    </ClInclude>
    <ClInclude Include="Rendering\Texture\TextureLoader.h">
      <Filter>Rendering</Filter>
    </ClInclude>
    <ClInclude Include="Input.h">
      <Filter>Core</Filter>
    </ClInclude>
    <ClInclude Include="..\c2_4_DrawCubeTextureAdvanced\CubeTexturedAdvanced.h">
      <Filter>Rendering\Models - Primitives</Filter>
    </ClInclude>
    <ClInclude Include="Core\Engine.h">
      <Filter>Core</Filter>
    </ClInclude>
  </ItemGroup>
  <ItemGroup>
    <None Include="Shaders\BasicFragmentShader.glsl">
      <Filter>Shaders</Filter>
    </None>
    <None Include="Shaders\BasicVertexShader.glsl">
      <Filter>Shaders</Filter>
    </None>
  </ItemGroup>
</Project>